// !$*UTF8*$!
{
	archiveVersion = 1;
	classes = {
	};
	objectVersion = 50;
	objects = {

/* Begin PBXBuildFile section */
		071AFE7B20C854B400F39009 /* AppDelegate.swift in Sources */ = {isa = PBXBuildFile; fileRef = 071AFE7A20C854B400F39009 /* AppDelegate.swift */; };
		071AFE8020C854B400F39009 /* TelegrafTV.xcdatamodeld in Sources */ = {isa = PBXBuildFile; fileRef = 071AFE7E20C854B400F39009 /* TelegrafTV.xcdatamodeld */; };
		071AFE8320C854B400F39009 /* Main.storyboard in Resources */ = {isa = PBXBuildFile; fileRef = 071AFE8120C854B400F39009 /* Main.storyboard */; };
		071AFE8520C854B600F39009 /* Assets.xcassets in Resources */ = {isa = PBXBuildFile; fileRef = 071AFE8420C854B600F39009 /* Assets.xcassets */; };
		071AFE9020C854B700F39009 /* TelegrafTVTests.swift in Sources */ = {isa = PBXBuildFile; fileRef = 071AFE8F20C854B700F39009 /* TelegrafTVTests.swift */; };
		071AFE9B20C854B700F39009 /* TelegrafTVUITests.swift in Sources */ = {isa = PBXBuildFile; fileRef = 071AFE9A20C854B700F39009 /* TelegrafTVUITests.swift */; };
		078A79BE20FB555800AB43ED /* TFRequest.swift in Sources */ = {isa = PBXBuildFile; fileRef = 078A79BD20FB555800AB43ED /* TFRequest.swift */; };
		078A79C020FB55E400AB43ED /* TFApiRoutes.swift in Sources */ = {isa = PBXBuildFile; fileRef = 078A79BF20FB55E400AB43ED /* TFApiRoutes.swift */; };
		0E01BED22101080700504180 /* MyCollectionViewCell.swift in Sources */ = {isa = PBXBuildFile; fileRef = 0E01BED02101080700504180 /* MyCollectionViewCell.swift */; };
		0E01BED32101080700504180 /* MyCollectionViewCell.xib in Resources */ = {isa = PBXBuildFile; fileRef = 0E01BED12101080700504180 /* MyCollectionViewCell.xib */; };
		0E01BED5210188D200504180 /* SplitViewController.swift in Sources */ = {isa = PBXBuildFile; fileRef = 0E01BED4210188D200504180 /* SplitViewController.swift */; };
		0E83AF0C20FA635D00D9518A /* HomeViewController.swift in Sources */ = {isa = PBXBuildFile; fileRef = 0E83AF0B20FA635D00D9518A /* HomeViewController.swift */; };
		0E83AF0E20FA66AC00D9518A /* CategoryItemsViewController.swift in Sources */ = {isa = PBXBuildFile; fileRef = 0E83AF0D20FA66AC00D9518A /* CategoryItemsViewController.swift */; };

		0E9B5FD72117839900C5FBB4 /* VideoItem.swift in Sources */ = {isa = PBXBuildFile; fileRef = 0E9B5FD62117839900C5FBB4 /* VideoItem.swift */; };
		0EA30BA72113A7D600EC3325 /* CategoryList+CoreDataClass.swift in Sources */ = {isa = PBXBuildFile; fileRef = 0EA30BA52113A7D600EC3325 /* CategoryList+CoreDataClass.swift */; };
		0EA30BA82113A7D600EC3325 /* CategoryList+CoreDataProperties.swift in Sources */ = {isa = PBXBuildFile; fileRef = 0EA30BA62113A7D600EC3325 /* CategoryList+CoreDataProperties.swift */; };
		0EA30BAA2113A84700EC3325 /* CoreDataStack.swift in Sources */ = {isa = PBXBuildFile; fileRef = 0EA30BA92113A84700EC3325 /* CoreDataStack.swift */; };
		0EA30BAD2113CF3200EC3325 /* UIImageView .swift in Sources */ = {isa = PBXBuildFile; fileRef = 0EA30BAC2113CF3200EC3325 /* UIImageView .swift */; };

		0EBD492620FA714800F2CCF2 /* HomeView.swift in Sources */ = {isa = PBXBuildFile; fileRef = 0EBD492520FA714800F2CCF2 /* HomeView.swift */; };
		0EBD492820FA715700F2CCF2 /* HomeView.xib in Resources */ = {isa = PBXBuildFile; fileRef = 0EBD492720FA715700F2CCF2 /* HomeView.xib */; };
		0EBD492A20FA7A6500F2CCF2 /* CategoryItemsView.swift in Sources */ = {isa = PBXBuildFile; fileRef = 0EBD492920FA7A6500F2CCF2 /* CategoryItemsView.swift */; };
		0EBD492C20FA7AD700F2CCF2 /* CategoryItemsView.xib in Resources */ = {isa = PBXBuildFile; fileRef = 0EBD492B20FA7AD700F2CCF2 /* CategoryItemsView.xib */; };
		0EBD493320FA80D700F2CCF2 /* MenuTableViewCell.swift in Sources */ = {isa = PBXBuildFile; fileRef = 0EBD493120FA80D700F2CCF2 /* MenuTableViewCell.swift */; };
		0ED14C2020FA6A47002368E8 /* CategoryMenuTableViewController.swift in Sources */ = {isa = PBXBuildFile; fileRef = 0ED14C1F20FA6A47002368E8 /* CategoryMenuTableViewController.swift */; };

	
		B319DAF721050F7A00D5C095 /* VPlayerViewController.swift in Sources */ = {isa = PBXBuildFile; fileRef = B319DAF621050F7A00D5C095 /* VPlayerViewController.swift */; };
		B319DAF92105232900D5C095 /* VideoCategoryDetailsView.swift in Sources */ = {isa = PBXBuildFile; fileRef = B319DAF82105232900D5C095 /* VideoCategoryDetailsView.swift */; };
		B319DAFD21052A6500D5C095 /* VideoCategoryDetailsView.xib in Resources */ = {isa = PBXBuildFile; fileRef = B319DAFC21052A6500D5C095 /* VideoCategoryDetailsView.xib */; };

		200F75DE2110E17F003B9650 /* MenuTableViewCell.xib in Resources */ = {isa = PBXBuildFile; fileRef = 200F75DD2110E17F003B9650 /* MenuTableViewCell.xib */; };
		690B8E1121077DB100F41C57 /* liveCollectionViewCell.swift in Sources */ = {isa = PBXBuildFile; fileRef = 690B8E0F21077DB100F41C57 /* liveCollectionViewCell.swift */; };
		690B8E1221077DB100F41C57 /* liveCollectionViewCell.xib in Resources */ = {isa = PBXBuildFile; fileRef = 690B8E1021077DB100F41C57 /* liveCollectionViewCell.xib */; };
		A69680EF20FB53BB00F13965 /* TFApiClient.swift in Sources */ = {isa = PBXBuildFile; fileRef = A69680EE20FB53BB00F13965 /* TFApiClient.swift */; };
		C903004C2120430C00D852AB /* MyCollectionReusableView.swift in Sources */ = {isa = PBXBuildFile; fileRef = C90300492120430B00D852AB /* MyCollectionReusableView.swift */; };
		C903004D2120430C00D852AB /* MyCollectionReusableView.xib in Resources */ = {isa = PBXBuildFile; fileRef = C903004A2120430B00D852AB /* MyCollectionReusableView.xib */; };

/* End PBXBuildFile section */

/* Begin PBXContainerItemProxy section */
		071AFE8C20C854B700F39009 /* PBXContainerItemProxy */ = {
			isa = PBXContainerItemProxy;
			containerPortal = 071AFE6F20C854B400F39009 /* Project object */;
			proxyType = 1;
			remoteGlobalIDString = 071AFE7620C854B400F39009;
			remoteInfo = TelegrafTV;
		};
		071AFE9720C854B700F39009 /* PBXContainerItemProxy */ = {
			isa = PBXContainerItemProxy;
			containerPortal = 071AFE6F20C854B400F39009 /* Project object */;
			proxyType = 1;
			remoteGlobalIDString = 071AFE7620C854B400F39009;
			remoteInfo = TelegrafTV;
		};
/* End PBXContainerItemProxy section */

/* Begin PBXFileReference section */
		071AFE7720C854B400F39009 /* TelegrafTV.app */ = {isa = PBXFileReference; explicitFileType = wrapper.application; includeInIndex = 0; path = TelegrafTV.app; sourceTree = BUILT_PRODUCTS_DIR; };
		071AFE7A20C854B400F39009 /* AppDelegate.swift */ = {isa = PBXFileReference; lastKnownFileType = sourcecode.swift; path = AppDelegate.swift; sourceTree = "<group>"; };
		071AFE7F20C854B400F39009 /* TelegrafTV.xcdatamodel */ = {isa = PBXFileReference; lastKnownFileType = wrapper.xcdatamodel; path = TelegrafTV.xcdatamodel; sourceTree = "<group>"; };
		071AFE8220C854B400F39009 /* Base */ = {isa = PBXFileReference; lastKnownFileType = file.storyboard; name = Base; path = Base.lproj/Main.storyboard; sourceTree = "<group>"; };
		071AFE8420C854B600F39009 /* Assets.xcassets */ = {isa = PBXFileReference; lastKnownFileType = folder.assetcatalog; path = Assets.xcassets; sourceTree = "<group>"; };
		071AFE8620C854B600F39009 /* Info.plist */ = {isa = PBXFileReference; lastKnownFileType = text.plist.xml; path = Info.plist; sourceTree = "<group>"; };
		071AFE8B20C854B700F39009 /* TelegrafTVTests.xctest */ = {isa = PBXFileReference; explicitFileType = wrapper.cfbundle; includeInIndex = 0; path = TelegrafTVTests.xctest; sourceTree = BUILT_PRODUCTS_DIR; };
		071AFE8F20C854B700F39009 /* TelegrafTVTests.swift */ = {isa = PBXFileReference; lastKnownFileType = sourcecode.swift; path = TelegrafTVTests.swift; sourceTree = "<group>"; };
		071AFE9120C854B700F39009 /* Info.plist */ = {isa = PBXFileReference; lastKnownFileType = text.plist.xml; path = Info.plist; sourceTree = "<group>"; };
		071AFE9620C854B700F39009 /* TelegrafTVUITests.xctest */ = {isa = PBXFileReference; explicitFileType = wrapper.cfbundle; includeInIndex = 0; path = TelegrafTVUITests.xctest; sourceTree = BUILT_PRODUCTS_DIR; };
		071AFE9A20C854B700F39009 /* TelegrafTVUITests.swift */ = {isa = PBXFileReference; lastKnownFileType = sourcecode.swift; path = TelegrafTVUITests.swift; sourceTree = "<group>"; };
		071AFE9C20C854B700F39009 /* Info.plist */ = {isa = PBXFileReference; lastKnownFileType = text.plist.xml; path = Info.plist; sourceTree = "<group>"; };
		078A79BD20FB555800AB43ED /* TFRequest.swift */ = {isa = PBXFileReference; lastKnownFileType = sourcecode.swift; path = TFRequest.swift; sourceTree = "<group>"; };
		078A79BF20FB55E400AB43ED /* TFApiRoutes.swift */ = {isa = PBXFileReference; lastKnownFileType = sourcecode.swift; path = TFApiRoutes.swift; sourceTree = "<group>"; };
		0E01BED02101080700504180 /* MyCollectionViewCell.swift */ = {isa = PBXFileReference; lastKnownFileType = sourcecode.swift; path = MyCollectionViewCell.swift; sourceTree = "<group>"; };
		0E01BED12101080700504180 /* MyCollectionViewCell.xib */ = {isa = PBXFileReference; lastKnownFileType = file.xib; path = MyCollectionViewCell.xib; sourceTree = "<group>"; };
		0E01BED4210188D200504180 /* SplitViewController.swift */ = {isa = PBXFileReference; lastKnownFileType = sourcecode.swift; path = SplitViewController.swift; sourceTree = "<group>"; };
		0E83AF0B20FA635D00D9518A /* HomeViewController.swift */ = {isa = PBXFileReference; lastKnownFileType = sourcecode.swift; path = HomeViewController.swift; sourceTree = "<group>"; };
		0E83AF0D20FA66AC00D9518A /* CategoryItemsViewController.swift */ = {isa = PBXFileReference; lastKnownFileType = sourcecode.swift; path = CategoryItemsViewController.swift; sourceTree = "<group>"; };

		0E9B5FD62117839900C5FBB4 /* VideoItem.swift */ = {isa = PBXFileReference; lastKnownFileType = sourcecode.swift; path = VideoItem.swift; sourceTree = "<group>"; };
		0EA30BA52113A7D600EC3325 /* CategoryList+CoreDataClass.swift */ = {isa = PBXFileReference; lastKnownFileType = sourcecode.swift; path = "CategoryList+CoreDataClass.swift"; sourceTree = "<group>"; };
		0EA30BA62113A7D600EC3325 /* CategoryList+CoreDataProperties.swift */ = {isa = PBXFileReference; lastKnownFileType = sourcecode.swift; path = "CategoryList+CoreDataProperties.swift"; sourceTree = "<group>"; };
		0EA30BA92113A84700EC3325 /* CoreDataStack.swift */ = {isa = PBXFileReference; lastKnownFileType = sourcecode.swift; path = CoreDataStack.swift; sourceTree = "<group>"; };
		0EA30BAC2113CF3200EC3325 /* UIImageView .swift */ = {isa = PBXFileReference; lastKnownFileType = sourcecode.swift; path = "UIImageView .swift"; sourceTree = "<group>"; };

		0EBD492520FA714800F2CCF2 /* HomeView.swift */ = {isa = PBXFileReference; lastKnownFileType = sourcecode.swift; path = HomeView.swift; sourceTree = "<group>"; };
		0EBD492720FA715700F2CCF2 /* HomeView.xib */ = {isa = PBXFileReference; lastKnownFileType = file.xib; path = HomeView.xib; sourceTree = "<group>"; };
		0EBD492920FA7A6500F2CCF2 /* CategoryItemsView.swift */ = {isa = PBXFileReference; lastKnownFileType = sourcecode.swift; path = CategoryItemsView.swift; sourceTree = "<group>"; };
		0EBD492B20FA7AD700F2CCF2 /* CategoryItemsView.xib */ = {isa = PBXFileReference; lastKnownFileType = file.xib; path = CategoryItemsView.xib; sourceTree = "<group>"; };
		0EBD493120FA80D700F2CCF2 /* MenuTableViewCell.swift */ = {isa = PBXFileReference; lastKnownFileType = sourcecode.swift; path = MenuTableViewCell.swift; sourceTree = "<group>"; };
		0ED14C1F20FA6A47002368E8 /* CategoryMenuTableViewController.swift */ = {isa = PBXFileReference; lastKnownFileType = sourcecode.swift; path = CategoryMenuTableViewController.swift; sourceTree = "<group>"; };

		
		B319DAF621050F7A00D5C095 /* VPlayerViewController.swift */ = {isa = PBXFileReference; lastKnownFileType = sourcecode.swift; path = VPlayerViewController.swift; sourceTree = "<group>"; };
		B319DAF82105232900D5C095 /* VideoCategoryDetailsView.swift */ = {isa = PBXFileReference; lastKnownFileType = sourcecode.swift; path = VideoCategoryDetailsView.swift; sourceTree = "<group>"; };
		B319DAFC21052A6500D5C095 /* VideoCategoryDetailsView.xib */ = {isa = PBXFileReference; lastKnownFileType = file.xib; path = VideoCategoryDetailsView.xib; sourceTree = "<group>"; };

		200F75DD2110E17F003B9650 /* MenuTableViewCell.xib */ = {isa = PBXFileReference; lastKnownFileType = file.xib; path = MenuTableViewCell.xib; sourceTree = "<group>"; };
		690B8E0F21077DB100F41C57 /* liveCollectionViewCell.swift */ = {isa = PBXFileReference; lastKnownFileType = sourcecode.swift; path = liveCollectionViewCell.swift; sourceTree = "<group>"; };
		690B8E1021077DB100F41C57 /* liveCollectionViewCell.xib */ = {isa = PBXFileReference; lastKnownFileType = file.xib; path = liveCollectionViewCell.xib; sourceTree = "<group>"; };
		A69680EE20FB53BB00F13965 /* TFApiClient.swift */ = {isa = PBXFileReference; lastKnownFileType = sourcecode.swift; path = TFApiClient.swift; sourceTree = "<group>"; };
		C90300492120430B00D852AB /* MyCollectionReusableView.swift */ = {isa = PBXFileReference; fileEncoding = 4; lastKnownFileType = sourcecode.swift; path = MyCollectionReusableView.swift; sourceTree = "<group>"; };
		C903004A2120430B00D852AB /* MyCollectionReusableView.xib */ = {isa = PBXFileReference; fileEncoding = 4; lastKnownFileType = file.xib; path = MyCollectionReusableView.xib; sourceTree = "<group>"; };

/* End PBXFileReference section */

/* Begin PBXFrameworksBuildPhase section */
		071AFE7420C854B400F39009 /* Frameworks */ = {
			isa = PBXFrameworksBuildPhase;
			buildActionMask = 2147483647;
			files = (
			);
			runOnlyForDeploymentPostprocessing = 0;
		};
		071AFE8820C854B700F39009 /* Frameworks */ = {
			isa = PBXFrameworksBuildPhase;
			buildActionMask = 2147483647;
			files = (
			);
			runOnlyForDeploymentPostprocessing = 0;
		};
		071AFE9320C854B700F39009 /* Frameworks */ = {
			isa = PBXFrameworksBuildPhase;
			buildActionMask = 2147483647;
			files = (
			);
			runOnlyForDeploymentPostprocessing = 0;
		};
/* End PBXFrameworksBuildPhase section */

/* Begin PBXGroup section */
		071AFE6E20C854B400F39009 = {
			isa = PBXGroup;
			children = (
				071AFE7920C854B400F39009 /* TelegrafTV */,
				071AFE8E20C854B700F39009 /* TelegrafTVTests */,
				071AFE9920C854B700F39009 /* TelegrafTVUITests */,
				071AFE7820C854B400F39009 /* Products */,
			);
			sourceTree = "<group>";
		};
		071AFE7820C854B400F39009 /* Products */ = {
			isa = PBXGroup;
			children = (
				071AFE7720C854B400F39009 /* TelegrafTV.app */,
				071AFE8B20C854B700F39009 /* TelegrafTVTests.xctest */,
				071AFE9620C854B700F39009 /* TelegrafTVUITests.xctest */,
			);
			name = Products;
			sourceTree = "<group>";
		};
		071AFE7920C854B400F39009 /* TelegrafTV */ = {
			isa = PBXGroup;
			children = (
				0EA30BAB2113CEC200EC3325 /* Extensions */,
				0EA30BA42113A79A00EC3325 /* Model */,
				0E83AF0A20FA627A00D9518A /* Services */,
				0E83AF0620FA617E00D9518A /* Scenes */,
				071AFEA820C8578F00F39009 /* Cells */,
				071AFE7A20C854B400F39009 /* AppDelegate.swift */,
				A69680ED20FB52FF00F13965 /* Utilities */,
				071AFE8120C854B400F39009 /* Main.storyboard */,
				071AFE8420C854B600F39009 /* Assets.xcassets */,
				071AFE8620C854B600F39009 /* Info.plist */,
				071AFE7E20C854B400F39009 /* TelegrafTV.xcdatamodeld */,
			);
			path = TelegrafTV;
			sourceTree = "<group>";
		};
		071AFE8E20C854B700F39009 /* TelegrafTVTests */ = {
			isa = PBXGroup;
			children = (
				071AFE8F20C854B700F39009 /* TelegrafTVTests.swift */,
				071AFE9120C854B700F39009 /* Info.plist */,
			);
			path = TelegrafTVTests;
			sourceTree = "<group>";
		};
		071AFE9920C854B700F39009 /* TelegrafTVUITests */ = {
			isa = PBXGroup;
			children = (
				071AFE9A20C854B700F39009 /* TelegrafTVUITests.swift */,
				071AFE9C20C854B700F39009 /* Info.plist */,
			);
			path = TelegrafTVUITests;
			sourceTree = "<group>";
		};
		071AFEA820C8578F00F39009 /* Cells */ = {
			isa = PBXGroup;
			children = (
				071AFEAB20C85A0B00F39009 /* cellItems */,
			);
			path = Cells;
			sourceTree = "<group>";
		};
		071AFEAB20C85A0B00F39009 /* cellItems */ = {
			isa = PBXGroup;
			children = (
				0EBD493120FA80D700F2CCF2 /* MenuTableViewCell.swift */,
				0E01BED02101080700504180 /* MyCollectionViewCell.swift */,
				0E01BED12101080700504180 /* MyCollectionViewCell.xib */,
				200F75DD2110E17F003B9650 /* MenuTableViewCell.xib */,
				690B8E0F21077DB100F41C57 /* liveCollectionViewCell.swift */,
				690B8E1021077DB100F41C57 /* liveCollectionViewCell.xib */,
			);
			path = cellItems;
			sourceTree = "<group>";
		};
		078A79BC20FB549D00AB43ED /* Networking */ = {
			isa = PBXGroup;
			children = (
				A69680EE20FB53BB00F13965 /* TFApiClient.swift */,
				078A79BD20FB555800AB43ED /* TFRequest.swift */,
				078A79BF20FB55E400AB43ED /* TFApiRoutes.swift */,
			);
			path = Networking;
			sourceTree = "<group>";
		};
		0E83AF0220FA610200D9518A /* CategoryItems */ = {
			isa = PBXGroup;
			children = (
				0E83AF0D20FA66AC00D9518A /* CategoryItemsViewController.swift */,
				0EBD492920FA7A6500F2CCF2 /* CategoryItemsView.swift */,
				0EBD492B20FA7AD700F2CCF2 /* CategoryItemsView.xib */,

				C90300492120430B00D852AB /* MyCollectionReusableView.swift */,
				C903004A2120430B00D852AB /* MyCollectionReusableView.xib */,

			);
			path = CategoryItems;
			sourceTree = "<group>";
		};
		0E83AF0420FA610F00D9518A /* CategoryMenu */ = {
			isa = PBXGroup;
			children = (
				0ED14C1F20FA6A47002368E8 /* CategoryMenuTableViewController.swift */,
			);
			path = CategoryMenu;
			sourceTree = "<group>";
		};
		0E83AF0620FA617E00D9518A /* Scenes */ = {
			isa = PBXGroup;
			children = (
				B319DAF521050EE700D5C095 /* VPlayer and Category details */,
				0EF832A32102ABC3004451AD /* SplitVC */,
				0E83AF0720FA61A000D9518A /* HomeScene */,
				0E83AF0220FA610200D9518A /* CategoryItems */,
				0E83AF0420FA610F00D9518A /* CategoryMenu */,
			);
			path = Scenes;
			sourceTree = "<group>";
		};
		0E83AF0720FA61A000D9518A /* HomeScene */ = {
			isa = PBXGroup;
			children = (
				0E83AF0B20FA635D00D9518A /* HomeViewController.swift */,
				0EBD492520FA714800F2CCF2 /* HomeView.swift */,
				0EBD492720FA715700F2CCF2 /* HomeView.xib */,
			);
			path = HomeScene;
			sourceTree = "<group>";
		};
		0E83AF0A20FA627A00D9518A /* Services */ = {
			isa = PBXGroup;
			children = (

				0EA30BA32113A49A00EC3325 /* Persistence */,

				078A79BC20FB549D00AB43ED /* Networking */,
			);
			path = Services;
			sourceTree = "<group>";
		};

		0EA30BA32113A49A00EC3325 /* Persistence */ = {
			isa = PBXGroup;
			children = (
				0EA30BA92113A84700EC3325 /* CoreDataStack.swift */,

			);
			path = Persistence;
			sourceTree = "<group>";
		};

		0EA30BA42113A79A00EC3325 /* Model */ = {
			isa = PBXGroup;
			children = (
				0EA30BA52113A7D600EC3325 /* CategoryList+CoreDataClass.swift */,
				0EA30BA62113A7D600EC3325 /* CategoryList+CoreDataProperties.swift */,
				0E9B5FD62117839900C5FBB4 /* VideoItem.swift */,
			);
			path = Model;
			sourceTree = "<group>";
		};
		0EA30BAB2113CEC200EC3325 /* Extensions */ = {
			isa = PBXGroup;
			children = (
				0EA30BAC2113CF3200EC3325 /* UIImageView .swift */,
			);
			path = Extensions;
			sourceTree = "<group>";
		};

		0EF832A32102ABC3004451AD /* SplitVC */ = {
			isa = PBXGroup;
			children = (
				0E01BED4210188D200504180 /* SplitViewController.swift */,
			);
			path = SplitVC;
			sourceTree = "<group>";
		};
		A69680ED20FB52FF00F13965 /* Utilities */ = {
			isa = PBXGroup;
			children = (
			);
			name = Utilities;
			sourceTree = "<group>";
		};
		B319DAF521050EE700D5C095 /* VPlayer and Category details */ = {
			isa = PBXGroup;
			children = (
				B319DAF621050F7A00D5C095 /* VPlayerViewController.swift */,
				B319DAF82105232900D5C095 /* VideoCategoryDetailsView.swift */,
				B319DAFC21052A6500D5C095 /* VideoCategoryDetailsView.xib */,
			);
			path = "VPlayer and Category details";
			sourceTree = "<group>";
		};
/* End PBXGroup section */

/* Begin PBXNativeTarget section */
		071AFE7620C854B400F39009 /* TelegrafTV */ = {
			isa = PBXNativeTarget;
			buildConfigurationList = 071AFE9F20C854B700F39009 /* Build configuration list for PBXNativeTarget "TelegrafTV" */;
			buildPhases = (
				071AFE7320C854B400F39009 /* Sources */,
				071AFE7420C854B400F39009 /* Frameworks */,
				071AFE7520C854B400F39009 /* Resources */,
			);
			buildRules = (
			);
			dependencies = (
			);
			name = TelegrafTV;
			productName = TelegrafTV;
			productReference = 071AFE7720C854B400F39009 /* TelegrafTV.app */;
			productType = "com.apple.product-type.application";
		};
		071AFE8A20C854B700F39009 /* TelegrafTVTests */ = {
			isa = PBXNativeTarget;
			buildConfigurationList = 071AFEA220C854B700F39009 /* Build configuration list for PBXNativeTarget "TelegrafTVTests" */;
			buildPhases = (
				071AFE8720C854B700F39009 /* Sources */,
				071AFE8820C854B700F39009 /* Frameworks */,
				071AFE8920C854B700F39009 /* Resources */,
			);
			buildRules = (
			);
			dependencies = (
				071AFE8D20C854B700F39009 /* PBXTargetDependency */,
			);
			name = TelegrafTVTests;
			productName = TelegrafTVTests;
			productReference = 071AFE8B20C854B700F39009 /* TelegrafTVTests.xctest */;
			productType = "com.apple.product-type.bundle.unit-test";
		};
		071AFE9520C854B700F39009 /* TelegrafTVUITests */ = {
			isa = PBXNativeTarget;
			buildConfigurationList = 071AFEA520C854B700F39009 /* Build configuration list for PBXNativeTarget "TelegrafTVUITests" */;
			buildPhases = (
				071AFE9220C854B700F39009 /* Sources */,
				071AFE9320C854B700F39009 /* Frameworks */,
				071AFE9420C854B700F39009 /* Resources */,
			);
			buildRules = (
			);
			dependencies = (
				071AFE9820C854B700F39009 /* PBXTargetDependency */,
			);
			name = TelegrafTVUITests;
			productName = TelegrafTVUITests;
			productReference = 071AFE9620C854B700F39009 /* TelegrafTVUITests.xctest */;
			productType = "com.apple.product-type.bundle.ui-testing";
		};
/* End PBXNativeTarget section */

/* Begin PBXProject section */
		071AFE6F20C854B400F39009 /* Project object */ = {
			isa = PBXProject;
			attributes = {
				LastSwiftUpdateCheck = 0940;
				LastUpgradeCheck = 0940;
				ORGANIZATIONNAME = "Pedja Jevtic";
				TargetAttributes = {
					071AFE7620C854B400F39009 = {
						CreatedOnToolsVersion = 9.4;
					};
					071AFE8A20C854B700F39009 = {
						CreatedOnToolsVersion = 9.4;
						TestTargetID = 071AFE7620C854B400F39009;
					};
					071AFE9520C854B700F39009 = {
						CreatedOnToolsVersion = 9.4;
						TestTargetID = 071AFE7620C854B400F39009;
					};
				};
			};
			buildConfigurationList = 071AFE7220C854B400F39009 /* Build configuration list for PBXProject "TelegrafTV" */;
			compatibilityVersion = "Xcode 9.3";
			developmentRegion = en;
			hasScannedForEncodings = 0;
			knownRegions = (
				en,
				Base,
			);
			mainGroup = 071AFE6E20C854B400F39009;
			productRefGroup = 071AFE7820C854B400F39009 /* Products */;
			projectDirPath = "";
			projectRoot = "";
			targets = (
				071AFE7620C854B400F39009 /* TelegrafTV */,
				071AFE8A20C854B700F39009 /* TelegrafTVTests */,
				071AFE9520C854B700F39009 /* TelegrafTVUITests */,
			);
		};
/* End PBXProject section */

/* Begin PBXResourcesBuildPhase section */
		071AFE7520C854B400F39009 /* Resources */ = {
			isa = PBXResourcesBuildPhase;
			buildActionMask = 2147483647;
			files = (
				071AFE8520C854B600F39009 /* Assets.xcassets in Resources */,

				200F75DE2110E17F003B9650 /* MenuTableViewCell.xib in Resources */,
				690B8E1221077DB100F41C57 /* liveCollectionViewCell.xib in Resources */,

				0EBD492C20FA7AD700F2CCF2 /* CategoryItemsView.xib in Resources */,
				B319DAFD21052A6500D5C095 /* VideoCategoryDetailsView.xib in Resources */,
				0E01BED32101080700504180 /* MyCollectionViewCell.xib in Resources */,
				071AFE8320C854B400F39009 /* Main.storyboard in Resources */,
				0EBD492820FA715700F2CCF2 /* HomeView.xib in Resources */,
				C903004D2120430C00D852AB /* MyCollectionReusableView.xib in Resources */,
			);
			runOnlyForDeploymentPostprocessing = 0;
		};
		071AFE8920C854B700F39009 /* Resources */ = {
			isa = PBXResourcesBuildPhase;
			buildActionMask = 2147483647;
			files = (
			);
			runOnlyForDeploymentPostprocessing = 0;
		};
		071AFE9420C854B700F39009 /* Resources */ = {
			isa = PBXResourcesBuildPhase;
			buildActionMask = 2147483647;
			files = (
			);
			runOnlyForDeploymentPostprocessing = 0;
		};
/* End PBXResourcesBuildPhase section */

/* Begin PBXSourcesBuildPhase section */
		071AFE7320C854B400F39009 /* Sources */ = {
			isa = PBXSourcesBuildPhase;
			buildActionMask = 2147483647;
			files = (

				690B8E1121077DB100F41C57 /* liveCollectionViewCell.swift in Sources */,

				0EBD492620FA714800F2CCF2 /* HomeView.swift in Sources */,
				0EA30BA72113A7D600EC3325 /* CategoryList+CoreDataClass.swift in Sources */,
				071AFE8020C854B400F39009 /* TelegrafTV.xcdatamodeld in Sources */,
				B319DAF92105232900D5C095 /* VideoCategoryDetailsView.swift in Sources */,
				0E01BED22101080700504180 /* MyCollectionViewCell.swift in Sources */,

				0EA30BAD2113CF3200EC3325 /* UIImageView .swift in Sources */,

				A69680EF20FB53BB00F13965 /* TFApiClient.swift in Sources */,
				0EA30BA82113A7D600EC3325 /* CategoryList+CoreDataProperties.swift in Sources */,
				0EA30BAA2113A84700EC3325 /* CoreDataStack.swift in Sources */,
				0ED14C2020FA6A47002368E8 /* CategoryMenuTableViewController.swift in Sources */,
				B319DAF721050F7A00D5C095 /* VPlayerViewController.swift in Sources */,
				0E9DF287212CBA1000CD35FF /* CoreDataStack.swift in Sources */,
				071AFE7B20C854B400F39009 /* AppDelegate.swift in Sources */,
				0EBD493320FA80D700F2CCF2 /* MenuTableViewCell.swift in Sources */,
				0EBD492A20FA7A6500F2CCF2 /* CategoryItemsView.swift in Sources */,

				C903004C2120430C00D852AB /* MyCollectionReusableView.swift in Sources */,
				0E83AF0E20FA66AC00D9518A /* CategoryItemsViewController.swift in Sources */,
				0E9B5FD72117839900C5FBB4 /* VideoItem.swift in Sources */,
				0E01BED5210188D200504180 /* SplitViewController.swift in Sources */,
				0E83AF0C20FA635D00D9518A /* HomeViewController.swift in Sources */,
				078A79C020FB55E400AB43ED /* TFApiRoutes.swift in Sources */,
				078A79BE20FB555800AB43ED /* TFRequest.swift in Sources */,
			);
			runOnlyForDeploymentPostprocessing = 0;
		};
		071AFE8720C854B700F39009 /* Sources */ = {
			isa = PBXSourcesBuildPhase;
			buildActionMask = 2147483647;
			files = (
				071AFE9020C854B700F39009 /* TelegrafTVTests.swift in Sources */,
			);
			runOnlyForDeploymentPostprocessing = 0;
		};
		071AFE9220C854B700F39009 /* Sources */ = {
			isa = PBXSourcesBuildPhase;
			buildActionMask = 2147483647;
			files = (
				071AFE9B20C854B700F39009 /* TelegrafTVUITests.swift in Sources */,
			);
			runOnlyForDeploymentPostprocessing = 0;
		};
/* End PBXSourcesBuildPhase section */

/* Begin PBXTargetDependency section */
		071AFE8D20C854B700F39009 /* PBXTargetDependency */ = {
			isa = PBXTargetDependency;
			target = 071AFE7620C854B400F39009 /* TelegrafTV */;
			targetProxy = 071AFE8C20C854B700F39009 /* PBXContainerItemProxy */;
		};
		071AFE9820C854B700F39009 /* PBXTargetDependency */ = {
			isa = PBXTargetDependency;
			target = 071AFE7620C854B400F39009 /* TelegrafTV */;
			targetProxy = 071AFE9720C854B700F39009 /* PBXContainerItemProxy */;
		};
/* End PBXTargetDependency section */

/* Begin PBXVariantGroup section */
		071AFE8120C854B400F39009 /* Main.storyboard */ = {
			isa = PBXVariantGroup;
			children = (
				071AFE8220C854B400F39009 /* Base */,
			);
			name = Main.storyboard;
			sourceTree = "<group>";
		};
/* End PBXVariantGroup section */

/* Begin XCBuildConfiguration section */
		071AFE9D20C854B700F39009 /* Debug */ = {
			isa = XCBuildConfiguration;
			buildSettings = {
				ALWAYS_SEARCH_USER_PATHS = NO;
				CLANG_ANALYZER_NONNULL = YES;
				CLANG_ANALYZER_NUMBER_OBJECT_CONVERSION = YES_AGGRESSIVE;
				CLANG_CXX_LANGUAGE_STANDARD = "gnu++14";
				CLANG_CXX_LIBRARY = "libc++";
				CLANG_ENABLE_MODULES = YES;
				CLANG_ENABLE_OBJC_ARC = YES;
				CLANG_ENABLE_OBJC_WEAK = YES;
				CLANG_WARN_BLOCK_CAPTURE_AUTORELEASING = YES;
				CLANG_WARN_BOOL_CONVERSION = YES;
				CLANG_WARN_COMMA = YES;
				CLANG_WARN_CONSTANT_CONVERSION = YES;
				CLANG_WARN_DEPRECATED_OBJC_IMPLEMENTATIONS = YES;
				CLANG_WARN_DIRECT_OBJC_ISA_USAGE = YES_ERROR;
				CLANG_WARN_DOCUMENTATION_COMMENTS = YES;
				CLANG_WARN_EMPTY_BODY = YES;
				CLANG_WARN_ENUM_CONVERSION = YES;
				CLANG_WARN_INFINITE_RECURSION = YES;
				CLANG_WARN_INT_CONVERSION = YES;
				CLANG_WARN_NON_LITERAL_NULL_CONVERSION = YES;
				CLANG_WARN_OBJC_IMPLICIT_RETAIN_SELF = YES;
				CLANG_WARN_OBJC_LITERAL_CONVERSION = YES;
				CLANG_WARN_OBJC_ROOT_CLASS = YES_ERROR;
				CLANG_WARN_RANGE_LOOP_ANALYSIS = YES;
				CLANG_WARN_STRICT_PROTOTYPES = YES;
				CLANG_WARN_SUSPICIOUS_MOVE = YES;
				CLANG_WARN_UNGUARDED_AVAILABILITY = YES_AGGRESSIVE;
				CLANG_WARN_UNREACHABLE_CODE = YES;
				CLANG_WARN__DUPLICATE_METHOD_MATCH = YES;
				COPY_PHASE_STRIP = NO;
				DEBUG_INFORMATION_FORMAT = dwarf;
				ENABLE_STRICT_OBJC_MSGSEND = YES;
				ENABLE_TESTABILITY = YES;
				GCC_C_LANGUAGE_STANDARD = gnu11;
				GCC_DYNAMIC_NO_PIC = NO;
				GCC_NO_COMMON_BLOCKS = YES;
				GCC_OPTIMIZATION_LEVEL = 0;
				GCC_PREPROCESSOR_DEFINITIONS = (
					"DEBUG=1",
					"$(inherited)",
				);
				GCC_WARN_64_TO_32_BIT_CONVERSION = YES;
				GCC_WARN_ABOUT_RETURN_TYPE = YES_ERROR;
				GCC_WARN_UNDECLARED_SELECTOR = YES;
				GCC_WARN_UNINITIALIZED_AUTOS = YES_AGGRESSIVE;
				GCC_WARN_UNUSED_FUNCTION = YES;
				GCC_WARN_UNUSED_VARIABLE = YES;
				MTL_ENABLE_DEBUG_INFO = YES;
				ONLY_ACTIVE_ARCH = YES;
				SDKROOT = appletvos;
				SWIFT_ACTIVE_COMPILATION_CONDITIONS = DEBUG;
				SWIFT_OPTIMIZATION_LEVEL = "-Onone";
				TVOS_DEPLOYMENT_TARGET = 11.4;
			};
			name = Debug;
		};
		071AFE9E20C854B700F39009 /* Release */ = {
			isa = XCBuildConfiguration;
			buildSettings = {
				ALWAYS_SEARCH_USER_PATHS = NO;
				CLANG_ANALYZER_NONNULL = YES;
				CLANG_ANALYZER_NUMBER_OBJECT_CONVERSION = YES_AGGRESSIVE;
				CLANG_CXX_LANGUAGE_STANDARD = "gnu++14";
				CLANG_CXX_LIBRARY = "libc++";
				CLANG_ENABLE_MODULES = YES;
				CLANG_ENABLE_OBJC_ARC = YES;
				CLANG_ENABLE_OBJC_WEAK = YES;
				CLANG_WARN_BLOCK_CAPTURE_AUTORELEASING = YES;
				CLANG_WARN_BOOL_CONVERSION = YES;
				CLANG_WARN_COMMA = YES;
				CLANG_WARN_CONSTANT_CONVERSION = YES;
				CLANG_WARN_DEPRECATED_OBJC_IMPLEMENTATIONS = YES;
				CLANG_WARN_DIRECT_OBJC_ISA_USAGE = YES_ERROR;
				CLANG_WARN_DOCUMENTATION_COMMENTS = YES;
				CLANG_WARN_EMPTY_BODY = YES;
				CLANG_WARN_ENUM_CONVERSION = YES;
				CLANG_WARN_INFINITE_RECURSION = YES;
				CLANG_WARN_INT_CONVERSION = YES;
				CLANG_WARN_NON_LITERAL_NULL_CONVERSION = YES;
				CLANG_WARN_OBJC_IMPLICIT_RETAIN_SELF = YES;
				CLANG_WARN_OBJC_LITERAL_CONVERSION = YES;
				CLANG_WARN_OBJC_ROOT_CLASS = YES_ERROR;
				CLANG_WARN_RANGE_LOOP_ANALYSIS = YES;
				CLANG_WARN_STRICT_PROTOTYPES = YES;
				CLANG_WARN_SUSPICIOUS_MOVE = YES;
				CLANG_WARN_UNGUARDED_AVAILABILITY = YES_AGGRESSIVE;
				CLANG_WARN_UNREACHABLE_CODE = YES;
				CLANG_WARN__DUPLICATE_METHOD_MATCH = YES;
				COPY_PHASE_STRIP = NO;
				DEBUG_INFORMATION_FORMAT = "dwarf-with-dsym";
				ENABLE_NS_ASSERTIONS = NO;
				ENABLE_STRICT_OBJC_MSGSEND = YES;
				GCC_C_LANGUAGE_STANDARD = gnu11;
				GCC_NO_COMMON_BLOCKS = YES;
				GCC_WARN_64_TO_32_BIT_CONVERSION = YES;
				GCC_WARN_ABOUT_RETURN_TYPE = YES_ERROR;
				GCC_WARN_UNDECLARED_SELECTOR = YES;
				GCC_WARN_UNINITIALIZED_AUTOS = YES_AGGRESSIVE;
				GCC_WARN_UNUSED_FUNCTION = YES;
				GCC_WARN_UNUSED_VARIABLE = YES;
				MTL_ENABLE_DEBUG_INFO = NO;
				SDKROOT = appletvos;
				SWIFT_COMPILATION_MODE = wholemodule;
				SWIFT_OPTIMIZATION_LEVEL = "-O";
				TVOS_DEPLOYMENT_TARGET = 11.4;
				VALIDATE_PRODUCT = YES;
			};
			name = Release;
		};
		071AFEA020C854B700F39009 /* Debug */ = {
			isa = XCBuildConfiguration;
			buildSettings = {
				ASSETCATALOG_COMPILER_APPICON_NAME = "App Icon & Top Shelf Image";
				ASSETCATALOG_COMPILER_LAUNCHIMAGE_NAME = LaunchImage;
				CODE_SIGN_STYLE = Automatic;
				INFOPLIST_FILE = TelegrafTV/Info.plist;
				LD_RUNPATH_SEARCH_PATHS = (
					"$(inherited)",
					"@executable_path/Frameworks",
				);
				PRODUCT_BUNDLE_IDENTIFIER = org.edu.codeacademy.TelegrafTV;
				PRODUCT_NAME = "$(TARGET_NAME)";
				SWIFT_VERSION = 4.0;
				TARGETED_DEVICE_FAMILY = 3;
			};
			name = Debug;
		};
		071AFEA120C854B700F39009 /* Release */ = {
			isa = XCBuildConfiguration;
			buildSettings = {
				ASSETCATALOG_COMPILER_APPICON_NAME = "App Icon & Top Shelf Image";
				ASSETCATALOG_COMPILER_LAUNCHIMAGE_NAME = LaunchImage;
				CODE_SIGN_STYLE = Automatic;
				INFOPLIST_FILE = TelegrafTV/Info.plist;
				LD_RUNPATH_SEARCH_PATHS = (
					"$(inherited)",
					"@executable_path/Frameworks",
				);
				PRODUCT_BUNDLE_IDENTIFIER = org.edu.codeacademy.TelegrafTV;
				PRODUCT_NAME = "$(TARGET_NAME)";
				SWIFT_VERSION = 4.0;
				TARGETED_DEVICE_FAMILY = 3;
			};
			name = Release;
		};
		071AFEA320C854B700F39009 /* Debug */ = {
			isa = XCBuildConfiguration;
			buildSettings = {
				ALWAYS_EMBED_SWIFT_STANDARD_LIBRARIES = YES;
				BUNDLE_LOADER = "$(TEST_HOST)";
				CODE_SIGN_STYLE = Automatic;
				INFOPLIST_FILE = TelegrafTVTests/Info.plist;
				LD_RUNPATH_SEARCH_PATHS = (
					"$(inherited)",
					"@executable_path/Frameworks",
					"@loader_path/Frameworks",
				);
				PRODUCT_BUNDLE_IDENTIFIER = org.edu.codeacademy.TelegrafTVTests;
				PRODUCT_NAME = "$(TARGET_NAME)";
				SWIFT_VERSION = 4.0;
				TARGETED_DEVICE_FAMILY = 3;
				TEST_HOST = "$(BUILT_PRODUCTS_DIR)/TelegrafTV.app/TelegrafTV";
			};
			name = Debug;
		};
		071AFEA420C854B700F39009 /* Release */ = {
			isa = XCBuildConfiguration;
			buildSettings = {
				ALWAYS_EMBED_SWIFT_STANDARD_LIBRARIES = YES;
				BUNDLE_LOADER = "$(TEST_HOST)";
				CODE_SIGN_STYLE = Automatic;
				INFOPLIST_FILE = TelegrafTVTests/Info.plist;
				LD_RUNPATH_SEARCH_PATHS = (
					"$(inherited)",
					"@executable_path/Frameworks",
					"@loader_path/Frameworks",
				);
				PRODUCT_BUNDLE_IDENTIFIER = org.edu.codeacademy.TelegrafTVTests;
				PRODUCT_NAME = "$(TARGET_NAME)";
				SWIFT_VERSION = 4.0;
				TARGETED_DEVICE_FAMILY = 3;
				TEST_HOST = "$(BUILT_PRODUCTS_DIR)/TelegrafTV.app/TelegrafTV";
			};
			name = Release;
		};
		071AFEA620C854B700F39009 /* Debug */ = {
			isa = XCBuildConfiguration;
			buildSettings = {
				ALWAYS_EMBED_SWIFT_STANDARD_LIBRARIES = YES;
				CODE_SIGN_STYLE = Automatic;
				INFOPLIST_FILE = TelegrafTVUITests/Info.plist;
				LD_RUNPATH_SEARCH_PATHS = (
					"$(inherited)",
					"@executable_path/Frameworks",
					"@loader_path/Frameworks",
				);
				PRODUCT_BUNDLE_IDENTIFIER = org.edu.codeacademy.TelegrafTVUITests;
				PRODUCT_NAME = "$(TARGET_NAME)";
				SWIFT_VERSION = 4.0;
				TARGETED_DEVICE_FAMILY = 3;
				TEST_TARGET_NAME = TelegrafTV;
			};
			name = Debug;
		};
		071AFEA720C854B700F39009 /* Release */ = {
			isa = XCBuildConfiguration;
			buildSettings = {
				ALWAYS_EMBED_SWIFT_STANDARD_LIBRARIES = YES;
				CODE_SIGN_STYLE = Automatic;
				INFOPLIST_FILE = TelegrafTVUITests/Info.plist;
				LD_RUNPATH_SEARCH_PATHS = (
					"$(inherited)",
					"@executable_path/Frameworks",
					"@loader_path/Frameworks",
				);
				PRODUCT_BUNDLE_IDENTIFIER = org.edu.codeacademy.TelegrafTVUITests;
				PRODUCT_NAME = "$(TARGET_NAME)";
				SWIFT_VERSION = 4.0;
				TARGETED_DEVICE_FAMILY = 3;
				TEST_TARGET_NAME = TelegrafTV;
			};
			name = Release;
		};
/* End XCBuildConfiguration section */

/* Begin XCConfigurationList section */
		071AFE7220C854B400F39009 /* Build configuration list for PBXProject "TelegrafTV" */ = {
			isa = XCConfigurationList;
			buildConfigurations = (
				071AFE9D20C854B700F39009 /* Debug */,
				071AFE9E20C854B700F39009 /* Release */,
			);
			defaultConfigurationIsVisible = 0;
			defaultConfigurationName = Release;
		};
		071AFE9F20C854B700F39009 /* Build configuration list for PBXNativeTarget "TelegrafTV" */ = {
			isa = XCConfigurationList;
			buildConfigurations = (
				071AFEA020C854B700F39009 /* Debug */,
				071AFEA120C854B700F39009 /* Release */,
			);
			defaultConfigurationIsVisible = 0;
			defaultConfigurationName = Release;
		};
		071AFEA220C854B700F39009 /* Build configuration list for PBXNativeTarget "TelegrafTVTests" */ = {
			isa = XCConfigurationList;
			buildConfigurations = (
				071AFEA320C854B700F39009 /* Debug */,
				071AFEA420C854B700F39009 /* Release */,
			);
			defaultConfigurationIsVisible = 0;
			defaultConfigurationName = Release;
		};
		071AFEA520C854B700F39009 /* Build configuration list for PBXNativeTarget "TelegrafTVUITests" */ = {
			isa = XCConfigurationList;
			buildConfigurations = (
				071AFEA620C854B700F39009 /* Debug */,
				071AFEA720C854B700F39009 /* Release */,
			);
			defaultConfigurationIsVisible = 0;
			defaultConfigurationName = Release;
		};
/* End XCConfigurationList section */

/* Begin XCVersionGroup section */
		071AFE7E20C854B400F39009 /* TelegrafTV.xcdatamodeld */ = {
			isa = XCVersionGroup;
			children = (
				071AFE7F20C854B400F39009 /* TelegrafTV.xcdatamodel */,
			);
			currentVersion = 071AFE7F20C854B400F39009 /* TelegrafTV.xcdatamodel */;
			path = TelegrafTV.xcdatamodeld;
			sourceTree = "<group>";
			versionGroupType = wrapper.xcdatamodel;
		};
/* End XCVersionGroup section */
	};
	rootObject = 071AFE6F20C854B400F39009 /* Project object */;
}
